
Microsoft Visual Studio Solution File, Format Version 12.00
# Visual Studio 15
VisualStudioVersion = 15.0.28307.329
MinimumVisualStudioVersion = 10.0.40219.1
Project("{FAE04EC0-301F-11D3-BF4B-00C04F79EFBC}") = "BSU_Git_Backpack", "BSU_Git_Backpack\BSU_Git_Backpack.csproj", "{735AFE05-E0A5-477F-BC7A-D538907D9335}"
EndProject
Project("{2150E333-8FDC-42A3-9474-1A3956D46DE8}") = "Solution Items", "Solution Items", "{5AD351DE-0750-4AFE-968D-C320A2C0FEAD}"
	ProjectSection(SolutionItems) = preProject
		..\..\..\Downloads\GoogleOAuthCredentials.json = ..\..\..\Downloads\GoogleOAuthCredentials.json
	EndProjectSection
EndProject
Global
	GlobalSection(SolutionConfigurationPlatforms) = preSolution
		Debug|Any CPU = Debug|Any CPU
		Release|Any CPU = Release|Any CPU
	EndGlobalSection
	GlobalSection(ProjectConfigurationPlatforms) = postSolution
		{735AFE05-E0A5-477F-BC7A-D538907D9335}.Debug|Any CPU.ActiveCfg = Debug|Any CPU
		{735AFE05-E0A5-477F-BC7A-D538907D9335}.Debug|Any CPU.Build.0 = Debug|Any CPU
		{735AFE05-E0A5-477F-BC7A-D538907D9335}.Release|Any CPU.ActiveCfg = Release|Any CPU
		{735AFE05-E0A5-477F-BC7A-D538907D9335}.Release|Any CPU.Build.0 = Release|Any CPU
	EndGlobalSection
	GlobalSection(SolutionProperties) = preSolution
		HideSolutionNode = FALSE
	EndGlobalSection
	GlobalSection(ExtensibilityGlobals) = postSolution
		SolutionGuid = {CF54B910-5C4D-4A7C-83A4-D63C84E322E7}
	EndGlobalSection
EndGlobal
