
Microsoft Visual Studio Solution File, Format Version 12.00
# Visual Studio Version 16
VisualStudioVersion = 16.0.29418.71
MinimumVisualStudioVersion = 10.0.40219.1
Project("{9A19103F-16F7-4668-BE54-9A1E7A4F7556}") = "BSUGitBackPack", "BSUGitBackPack\BSUGitBackPack.csproj", "{E0D3343B-337C-4F9D-A0F0-701DE50AEBC8}"
EndProject
Global
	GlobalSection(SolutionConfigurationPlatforms) = preSolution
		Debug|Any CPU = Debug|Any CPU
		Release|Any CPU = Release|Any CPU
	EndGlobalSection
	GlobalSection(ProjectConfigurationPlatforms) = postSolution
		{E0D3343B-337C-4F9D-A0F0-701DE50AEBC8}.Debug|Any CPU.ActiveCfg = Debug|Any CPU
		{E0D3343B-337C-4F9D-A0F0-701DE50AEBC8}.Debug|Any CPU.Build.0 = Debug|Any CPU
		{E0D3343B-337C-4F9D-A0F0-701DE50AEBC8}.Release|Any CPU.ActiveCfg = Release|Any CPU
		{E0D3343B-337C-4F9D-A0F0-701DE50AEBC8}.Release|Any CPU.Build.0 = Release|Any CPU
	EndGlobalSection
	GlobalSection(SolutionProperties) = preSolution
		HideSolutionNode = FALSE
	EndGlobalSection
	GlobalSection(ExtensibilityGlobals) = postSolution
		SolutionGuid = {FC5577AF-686E-4610-9499-B3F183B1053B}
	EndGlobalSection
EndGlobal
